Microsoft Visual Studio Solution File, Format Version 12.00
# Visual Studio Version 17
VisualStudioVersion = 17.4.33205.214
MinimumVisualStudioVersion = 10.0.40219.1
Project("{2150E333-8FDC-42A3-9474-1A3956D46DE8}") = "docs", "docs", "{A6A6AF7D-D6E3-442D-9B1E-58CC91879BE1}"
EndProject
Project("{2150E333-8FDC-42A3-9474-1A3956D46DE8}") = "project", "project", "{BF60BC93-E09B-4E5F-9D85-95A519479D54}"
	ProjectSection(SolutionItems) = preProject
		README.md = README.md
		RELEASE_NOTES.md = RELEASE_NOTES.md
	EndProjectSection
EndProject
Project("{2150E333-8FDC-42A3-9474-1A3956D46DE8}") = "tests", "tests", "{ED8079DD-2B06-4030-9F0F-DC548F98E1C4}"
EndProject
Project("{9A19103F-16F7-4668-BE54-9A1E7A4F7556}") = "Pfim", "src\Pfim\Pfim.csproj", "{03EC99EE-E533-41CB-87DB-1FC5AEFA3108}"
EndProject
Project("{9A19103F-16F7-4668-BE54-9A1E7A4F7556}") = "Pfim.Benchmarks", "src\Pfim.Benchmarks\Pfim.Benchmarks.csproj", "{7DD2C323-87EB-4021-94A2-2B9575788B7C}"
EndProject
Project("{9A19103F-16F7-4668-BE54-9A1E7A4F7556}") = "Pfim.Viewer", "src\Pfim.Viewer\Pfim.Viewer.csproj", "{15DDF47B-5685-475A-BF80-A451B014AD70}"
EndProject
Project("{9A19103F-16F7-4668-BE54-9A1E7A4F7556}") = "Pfim.Viewer.Forms", "src\Pfim.Viewer.Forms\Pfim.Viewer.Forms.csproj", "{08E35D10-55CB-48A9-9B52-561C7AE45C66}"
EndProject
Project("{9A19103F-16F7-4668-BE54-9A1E7A4F7556}") = "Pfim.ImageSharp", "src\Pfim.ImageSharp\Pfim.ImageSharp.csproj", "{8766DDE1-3ABD-4E52-9DA7-6E0963862591}"
EndProject
Project("{9A19103F-16F7-4668-BE54-9A1E7A4F7556}") = "Pfim.Skia", "src\Pfim.Skia\Pfim.Skia.csproj", "{88F1AE22-E4E6-477E-AEB2-F3A6C1BA4B77}"
EndProject
Global
	GlobalSection(SolutionConfigurationPlatforms) = preSolution
		Debug|x64 = Debug|x64
		Release|x64 = Release|x64
	EndGlobalSection
	GlobalSection(ProjectConfigurationPlatforms) = postSolution
		{03EC99EE-E533-41CB-87DB-1FC5AEFA3108}.Debug|x64.ActiveCfg = Debug|x64
		{03EC99EE-E533-41CB-87DB-1FC5AEFA3108}.Debug|x64.Build.0 = Debug|x64
		{03EC99EE-E533-41CB-87DB-1FC5AEFA3108}.Release|x64.ActiveCfg = Release|x64
		{03EC99EE-E533-41CB-87DB-1FC5AEFA3108}.Release|x64.Build.0 = Release|x64
		{7DD2C323-87EB-4021-94A2-2B9575788B7C}.Debug|x64.ActiveCfg = Debug|x64
		{7DD2C323-87EB-4021-94A2-2B9575788B7C}.Debug|x64.Build.0 = Debug|x64
		{7DD2C323-87EB-4021-94A2-2B9575788B7C}.Release|x64.ActiveCfg = Release|x64
		{7DD2C323-87EB-4021-94A2-2B9575788B7C}.Release|x64.Build.0 = Release|x64
		{15DDF47B-5685-475A-BF80-A451B014AD70}.Debug|x64.ActiveCfg = Debug|x64
		{15DDF47B-5685-475A-BF80-A451B014AD70}.Debug|x64.Build.0 = Debug|x64
		{15DDF47B-5685-475A-BF80-A451B014AD70}.Release|x64.ActiveCfg = Release|x64
		{15DDF47B-5685-475A-BF80-A451B014AD70}.Release|x64.Build.0 = Release|x64
		{08E35D10-55CB-48A9-9B52-561C7AE45C66}.Debug|x64.ActiveCfg = Debug|x64
		{08E35D10-55CB-48A9-9B52-561C7AE45C66}.Debug|x64.Build.0 = Debug|x64
		{08E35D10-55CB-48A9-9B52-561C7AE45C66}.Release|x64.ActiveCfg = Release|x64
		{08E35D10-55CB-48A9-9B52-561C7AE45C66}.Release|x64.Build.0 = Release|x64
		{8766DDE1-3ABD-4E52-9DA7-6E0963862591}.Debug|x64.ActiveCfg = Debug|x64
		{8766DDE1-3ABD-4E52-9DA7-6E0963862591}.Debug|x64.Build.0 = Debug|x64
		{8766DDE1-3ABD-4E52-9DA7-6E0963862591}.Release|x64.ActiveCfg = Release|x64
		{8766DDE1-3ABD-4E52-9DA7-6E0963862591}.Release|x64.Build.0 = Release|x64
		{88F1AE22-E4E6-477E-AEB2-F3A6C1BA4B77}.Debug|x64.ActiveCfg = Debug|x64
		{88F1AE22-E4E6-477E-AEB2-F3A6C1BA4B77}.Debug|x64.Build.0 = Debug|x64
		{88F1AE22-E4E6-477E-AEB2-F3A6C1BA4B77}.Release|x64.ActiveCfg = Release|x64
		{88F1AE22-E4E6-477E-AEB2-F3A6C1BA4B77}.Release|x64.Build.0 = Release|x64
	EndGlobalSection
	GlobalSection(SolutionProperties) = preSolution
		HideSolutionNode = FALSE
	EndGlobalSection
	GlobalSection(ExtensibilityGlobals) = postSolution
		SolutionGuid = {B1908DFF-8C88-4AE5-9F6B-0D19DBA1DE51}
	EndGlobalSection
EndGlobal
